{
  "name": "uni-app-demo",
  "version": "1.0.0",
  "lockfileVersion": 1,
  "requires": true,
  "dependencies": {
    "uni-read-pages": {
      "version": "1.0.5",
      "resolved": "https://registry.npm.taobao.org/uni-read-pages/download/uni-read-pages-1.0.5.tgz",
      "integrity": "sha1-RSyNyqiXe7rvYAkJvpJsjZcEOHw="
    },
    "uni-simple-router": {
      "version": "2.0.5",
      "resolved": "https://registry.nlark.com/uni-simple-router/download/uni-simple-router-2.0.5.tgz",
      "integrity": "sha1-21j6kHzUAY9NhG0P2TqLj35P9gY="
    },
    "uuid": {
      "version": "8.3.2",
      "resolved": "https://registry.nlark.com/uuid/download/uuid-8.3.2.tgz",
      "integrity": "sha1-gNW1ztJxu5r2xEXyGhoExgbO++I="
    }
  }
}
